version = 1
revision = 3
requires-python = ">=3.14"

[[package]]
name = "colorama"
version = "0.4.6"
source = { registry = "https://pypi.org/simple" }
sdist = { url = "https://files.pythonhosted.org/packages/d8/53/6f443c9a4a8358a93a6792e2acffb9d9d5cb0a5cfd8802644b7b1c9a02e4/colorama-0.4.6.tar.gz", hash = "sha256:08695f5cb7ed6e0531a20572697297273c47b8cae5a63ffc6d6ed5c201be6e44", size = 27697, upload-time = "2022-10-25T02:36:22.414Z" }
wheels = [
    { url = "https://files.pythonhosted.org/packages/d1/d6/3965ed04c63042e047cb6a3e6ed1a63a35087b6a609aa3a15ed8ac56c221/colorama-0.4.6-py2.py3-none-any.whl", hash = "sha256:4f1d9991f5acc0ca119f9d443620b77f9d6b33703e51011c16baf57afb285fc6", size = 25335, upload-time = "2022-10-25T02:36:20.889Z" },
]

[[package]]
name = "homeautomation-plc"
version = "0.1.0"
source = { virtual = "." }

[package.dev-dependencies]
dev = [
    { name = "pytest" },
    { name = "ruff" },
    { name = "ty" },
]

[package.metadata]

[package.metadata.requires-dev]
dev = [
    { name = "pytest", specifier = ">=8.3" },
    { name = "ruff", specifier = ">=0.15.14" },
    { name = "ty", specifier = ">=0.0.39" },
]

[[package]]
name = "iniconfig"
version = "2.3.0"
source = { registry = "https://pypi.org/simple" }
sdist = { url = "https://files.pythonhosted.org/packages/72/34/14ca021ce8e5dfedc35312d08ba8bf51fdd999c576889fc2c24cb97f4f10/iniconfig-2.3.0.tar.gz", hash = "sha256:c76315c77db068650d49c5b56314774a7804df16fee4402c1f19d6d15d8c4730", size = 20503, upload-time = "2025-10-18T21:55:43.219Z" }
wheels = [
    { url = "https://files.pythonhosted.org/packages/cb/b1/3846dd7f199d53cb17f49cba7e651e9ce294d8497c8c150530ed11865bb8/iniconfig-2.3.0-py3-none-any.whl", hash = "sha256:f631c04d2c48c52b84d0d0549c99ff3859c98df65b3101406327ecc7d53fbf12", size = 7484, upload-time = "2025-10-18T21:55:41.639Z" },
]

[[package]]
name = "packaging"
version = "26.2"
source = { registry = "https://pypi.org/simple" }
sdist = { url = "https://files.pythonhosted.org/packages/d7/f1/e7a6dd94a8d4a5626c03e4e99c87f241ba9e350cd9e6d75123f992427270/packaging-26.2.tar.gz", hash = "sha256:ff452ff5a3e828ce110190feff1178bb1f2ea2281fa2075aadb987c2fb221661", size = 228134, upload-time = "2026-04-24T20:15:23.917Z" }
wheels = [
    { url = "https://files.pythonhosted.org/packages/df/b2/87e62e8c3e2f4b32e5fe99e0b86d576da1312593b39f47d8ceef365e95ed/packaging-26.2-py3-none-any.whl", hash = "sha256:5fc45236b9446107ff2415ce77c807cee2862cb6fac22b8a73826d0693b0980e", size = 100195, upload-time = "2026-04-24T20:15:22.081Z" },
]

[[package]]
name = "pluggy"
version = "1.6.0"
source = { registry = "https://pypi.org/simple" }
sdist = { url = "https://files.pythonhosted.org/packages/f9/e2/3e91f31a7d2b083fe6ef3fa267035b518369d9511ffab804f839851d2779/pluggy-1.6.0.tar.gz", hash = "sha256:7dcc130b76258d33b90f61b658791dede3486c3e6bfb003ee5c9bfb396dd22f3", size = 69412, upload-time = "2025-05-15T12:30:07.975Z" }
wheels = [
    { url = "https://files.pythonhosted.org/packages/54/20/4d324d65cc6d9205fabedc306948156824eb9f0ee1633355a8f7ec5c66bf/pluggy-1.6.0-py3-none-any.whl", hash = "sha256:e920276dd6813095e9377c0bc5566d94c932c33b27a3e3945d8389c374dd4746", size = 20538, upload-time = "2025-05-15T12:30:06.134Z" },
]

[[package]]
name = "pygments"
version = "2.20.0"
source = { registry = "https://pypi.org/simple" }
sdist = { url = "https://files.pythonhosted.org/packages/c3/b2/bc9c9196916376152d655522fdcebac55e66de6603a76a02bca1b6414f6c/pygments-2.20.0.tar.gz", hash = "sha256:6757cd03768053ff99f3039c1a36d6c0aa0b263438fcab17520b30a303a82b5f", size = 4955991, upload-time = "2026-03-29T13:29:33.898Z" }
wheels = [
    { url = "https://files.pythonhosted.org/packages/f4/7e/a72dd26f3b0f4f2bf1dd8923c85f7ceb43172af56d63c7383eb62b332364/pygments-2.20.0-py3-none-any.whl", hash = "sha256:81a9e26dd42fd28a23a2d169d86d7ac03b46e2f8b59ed4698fb4785f946d0176", size = 1231151, upload-time = "2026-03-29T13:29:30.038Z" },
]

[[package]]
name = "pytest"
version = "9.0.3"
source = { registry = "https://pypi.org/simple" }
dependencies = [
    { name = "colorama", marker = "sys_platform == 'win32'" },
    { name = "iniconfig" },
    { name = "packaging" },
    { name = "pluggy" },
    { name = "pygments" },
]
sdist = { url = "https://files.pythonhosted.org/packages/7d/0d/549bd94f1a0a402dc8cf64563a117c0f3765662e2e668477624baeec44d5/pytest-9.0.3.tar.gz", hash = "sha256:b86ada508af81d19edeb213c681b1d48246c1a91d304c6c81a427674c17eb91c", size = 1572165, upload-time = "2026-04-07T17:16:18.027Z" }
wheels = [
    { url = "https://files.pythonhosted.org/packages/d4/24/a372aaf5c9b7208e7112038812994107bc65a84cd00e0354a88c2c77a617/pytest-9.0.3-py3-none-any.whl", hash = "sha256:2c5efc453d45394fdd706ade797c0a81091eccd1d6e4bccfcd476e2b8e0ab5d9", size = 375249, upload-time = "2026-04-07T17:16:16.13Z" },
]

[[package]]
name = "ruff"
version = "0.15.14"
source = { registry = "https://pypi.org/simple" }
sdist = { url = "https://files.pythonhosted.org/packages/dc/8a/8bce2894573e9dae6ff4d77fe34ad727d79b9e6238ad288c5638990d90f6/ruff-0.15.14.tar.gz", hash = "sha256:48e866b165be4a9bdbf310f7d3c9a07edef2fe8cd63ffeb4e00bb590506ebf9f", size = 4700910, upload-time = "2026-05-21T14:34:55.177Z" }
wheels = [
    { url = "https://files.pythonhosted.org/packages/b9/c8/74a92c6ff9fcfb4f1f947126d3ebee8389276e161ecc85de5bda7cda51bd/ruff-0.15.14-py3-none-linux_armv6l.whl", hash = "sha256:8dd2db9416e487c8d4b01fa7056bb02c4d05969d4f8d17a08c229c2f4ff3c108", size = 10739177, upload-time = "2026-05-21T14:34:37.332Z" },
    { url = "https://files.pythonhosted.org/packages/45/91/254a35c20acc38a7223c9d2d594af12e794432464f2cdeb52af1dc4a892d/ruff-0.15.14-py3-none-macosx_10_12_x86_64.whl", hash = "sha256:be4ff55af755bd71a00ab3dc6bd7ffc467bd76e0df6881e286c2e3d23e8fb43b", size = 11144969, upload-time = "2026-05-21T14:34:43.978Z" },
    { url = "https://files.pythonhosted.org/packages/56/9e/d13e40f83b8d0a94430e6778ce1d94a43b38cf2efe63278bdd2b4c65abbf/ruff-0.15.14-py3-none-macosx_11_0_arm64.whl", hash = "sha256:48d5909d7d06276ce7dde6d32bfa4b0d4cb2651145cd8ee4b440722cbc77832f", size = 10478207, upload-time = "2026-05-21T14:34:48.378Z" },
    { url = "https://files.pythonhosted.org/packages/8d/f1/b15a7839fa4f332f8acec78e20564f26bb2d866e3d21710b877fd0263000/ruff-0.15.14-py3-none-manylinux_2_17_aarch64.manylinux2014_aarch64.whl", hash = "sha256:ca8cbfa94c4f90984a67561978602746d4cd27103568f745fa90eee3f0d4107d", size = 10818459, upload-time = "2026-05-21T14:34:22.318Z" },
    { url = "https://files.pythonhosted.org/packages/45/33/53d651177f84f94b400a0e27f8824eeada3dddc9d5ee8aeb048f4352a520/ruff-0.15.14-py3-none-manylinux_2_17_armv7l.manylinux2014_armv7l.whl", hash = "sha256:9a6bbc0333f1ab053423bcbf6226477d266ca7cec7738c4c8e3f55647803f3c4", size = 10541800, upload-time = "2026-05-21T14:34:20.209Z" },
    { url = "https://files.pythonhosted.org/packages/b8/a6/868f87e0bf9786ed24b5d0d0ad8676b8a94fd1912f42cddf9cfc7857818a/ruff-0.15.14-py3-none-manylinux_2_17_i686.manylinux2014_i686.whl", hash = "sha256:8a24a4f7605d7003a6674d4387651effd939dead3fddd0f36561eb77a9a2e542", size = 11342149, upload-time = "2026-05-21T14:34:46.365Z" },
    { url = "https://files.pythonhosted.org/packages/a7/8b/38cd5c19faffdcc05a408d2b78edccc69492ab9720eadb49ea15ef80d768/ruff-0.15.14-py3-none-manylinux_2_17_ppc64le.manylinux2014_ppc64le.whl", hash = "sha256:049b5326e53ed80978f2fc041a280603f69dd6b0c95464342a2bb4572d9d9e2f", size = 12212563, upload-time = "2026-05-21T14:34:28.579Z" },
    { url = "https://files.pythonhosted.org/packages/3e/4d/a3c5b874a556d5731e3e657aaf04311bb76f0a5c3ec220ed43051be6b64b/ruff-0.15.14-py3-none-manylinux_2_17_s390x.manylinux2014_s390x.whl", hash = "sha256:d4ed42e6696c8dfa5f06728e6441993901f548eb92d73bc472cb5a38d1395fbf", size = 11493299, upload-time = "2026-05-21T14:34:41.836Z" },
    { url = "https://files.pythonhosted.org/packages/1e/c0/56472c251d09858a53e51efbd485b09e1995d8731668b76d52e5dd6ee0f1/ruff-0.15.14-py3-none-manylinux_2_17_x86_64.manylinux2014_x86_64.whl", hash = "sha256:715c543cf450c4888251f91c52f1942a800541d9bddd7ac060aa4e6b77ae7cba", size = 11455931, upload-time = "2026-05-21T14:34:57.276Z" },
    { url = "https://files.pythonhosted.org/packages/2c/4a/e2e7b4d8dbf233d4eace59c75bc3435fa6d8bd3bae82d351d4e4300c0fd1/ruff-0.15.14-py3-none-manylinux_2_31_riscv64.whl", hash = "sha256:72ebab6013ec887d439d8b7593737a0a4ffb06d45d209d4e4bf2e92813082d3f", size = 11400794, upload-time = "2026-05-21T14:34:39.773Z" },
    { url = "https://files.pythonhosted.org/packages/97/c7/83c0539fe34c3e09136204d1e75d6052492364e0b3cb05e9465423f567d7/ruff-0.15.14-py3-none-musllinux_1_2_aarch64.whl", hash = "sha256:49072d36abdbe97a8dd7f480afe9c675699c0c495d4c84076e2c1203c4550581", size = 10804759, upload-time = "2026-05-21T14:34:31.045Z" },
    { url = "https://files.pythonhosted.org/packages/86/a6/18f2bfc095a2ab4a78745644e428205532ce6653a5d0fa8501572891534d/ruff-0.15.14-py3-none-musllinux_1_2_armv7l.whl", hash = "sha256:958522aee105068640c2c2ceae08f413ae44d922f52a1374ac13d6a96032fc93", size = 10539517, upload-time = "2026-05-21T14:34:53.064Z" },
    { url = "https://files.pythonhosted.org/packages/54/3a/5a8b3b69c654d4e4bf1d246ac5b49cbcdac6eaab6905925f8915f31e3b80/ruff-0.15.14-py3-none-musllinux_1_2_i686.whl", hash = "sha256:f3707da619a143a2e8830e2abab8224478d69ace2d28cb6c20543ae97c36bf61", size = 11065169, upload-time = "2026-05-21T14:34:24.484Z" },
    { url = "https://files.pythonhosted.org/packages/ed/c5/8864e4e7925b836ea354b31d57641ec03830564e281a8b6f061f8c3e0ec1/ruff-0.15.14-py3-none-musllinux_1_2_x86_64.whl", hash = "sha256:bb01d645694e3ec0102105d07ef2d53703970407d59c04e59d3ba0b7a1d53553", size = 11560214, upload-time = "2026-05-21T14:34:50.975Z" },
    { url = "https://files.pythonhosted.org/packages/36/38/012bf76752e1f89ed50b77b99532d90f3a3e287bc7918e1fc0948ac866ac/ruff-0.15.14-py3-none-win32.whl", hash = "sha256:6d0c1ad2a0ab718d39b6d8fd2217981ce4d625cd96a720095f798fb47d8b13e6", size = 10805548, upload-time = "2026-05-21T14:34:33.453Z" },
    { url = "https://files.pythonhosted.org/packages/d1/b7/4ea2c170f10ad760fff2a5250beb18897719dc8b52b53a24cddbb9dd3f19/ruff-0.15.14-py3-none-win_amd64.whl", hash = "sha256:802342981e056db3851a7836e5b070f8f15f67d4a685ae2a6160939d364b2902", size = 11939523, upload-time = "2026-05-21T14:34:18.077Z" },
    { url = "https://files.pythonhosted.org/packages/62/d5/bc97ff895ec35cf3925d4bd60f3b39d822f377a446906ec9bcc87405e59b/ruff-0.15.14-py3-none-win_arm64.whl", hash = "sha256:ff47b90a9ef6a40c9e2f3b479c1fb78531adf055b94c1eba0a7ba04b31951826", size = 11208607, upload-time = "2026-05-21T14:34:26.525Z" },
]

[[package]]
name = "ty"
version = "0.0.39"
source = { registry = "https://pypi.org/simple" }
sdist = { url = "https://files.pythonhosted.org/packages/d0/8d/7b5c74dc287fbcb37bae9853cec13bf44717c1735298500e4aeba31579a9/ty-0.0.39.tar.gz", hash = "sha256:f750277e76a01ecd86185960eca73823c26a53c51103568d56d4d904575159fd", size = 5702365, upload-time = "2026-05-22T21:09:56.403Z" }
wheels = [
    { url = "https://files.pythonhosted.org/packages/08/17/9b89802c26d12d0f7a27bc25d4066d941d42891e8898f9f26499f0067e32/ty-0.0.39-py3-none-linux_armv6l.whl", hash = "sha256:c1bb7ac70f1f7d70cc6655fd96558039e4562b10f489fa49c7ebfd5fcee73ad1", size = 11360431, upload-time = "2026-05-22T21:09:18.689Z" },
    { url = "https://files.pythonhosted.org/packages/9c/c6/663ded50e823dbf9fb9d002eca46b7cb1fb2c72b744b84f22ce732a0ee0b/ty-0.0.39-py3-none-macosx_10_12_x86_64.whl", hash = "sha256:3435b64c1e59c14c9aa39c20cc018823937cd38d55db853e74d95b8f420569b0", size = 11096281, upload-time = "2026-05-22T21:09:15.383Z" },
    { url = "https://files.pythonhosted.org/packages/8b/ae/5d38ba9a6456ff4c78d212cf464fd8b9a25d8118465197b0b2dc891c0b19/ty-0.0.39-py3-none-macosx_11_0_arm64.whl", hash = "sha256:5f136377ce46c73677701a9e1ad730bf72f699bcec046e422eb79d0886cac3ab", size = 10529674, upload-time = "2026-05-22T21:09:46.471Z" },
    { url = "https://files.pythonhosted.org/packages/be/6f/43638cb8106445d3c8817256a0731cde9dd7b6a53ae2e881294bc1930ca3/ty-0.0.39-py3-none-manylinux_2_17_aarch64.manylinux2014_aarch64.whl", hash = "sha256:36b65fb0cc17f03e851d40e210d420be94ab8bc52d041328ad1e45f616036a61", size = 11055561, upload-time = "2026-05-22T21:09:36.981Z" },
    { url = "https://files.pythonhosted.org/packages/91/17/95e62cf4458527ce78dc386eba18f8b10c3fb64cd8c9e7e59b262ff6029d/ty-0.0.39-py3-none-manylinux_2_17_armv7l.manylinux2014_armv7l.whl", hash = "sha256:4967967bfadf3860ff84c3fccdbaec8edf8aa20d0d727521084733d853de6657", size = 11127185, upload-time = "2026-05-22T21:09:31.395Z" },
    { url = "https://files.pythonhosted.org/packages/4e/c0/93666c213db5c71ab1b1f1a0db5f66bf8c7c0e0b0bf59859f5da8f0b3c36/ty-0.0.39-py3-none-manylinux_2_17_i686.manylinux2014_i686.whl", hash = "sha256:9e10ecb1297099ddf9a1f054f8bd921d1863ce85fb819a3c96ed27865a1ba6ed", size = 11608459, upload-time = "2026-05-22T21:09:12.862Z" },
    { url = "https://files.pythonhosted.org/packages/79/85/3b26585afc8b50230d6464bb0642feef4fab3f847e38b1f0ffa971a81446/ty-0.0.39-py3-none-manylinux_2_17_ppc64le.manylinux2014_ppc64le.whl", hash = "sha256:9b19cca70e465d71b0510656343883d62372bbe74b7845cae7c0e701d6d5264b", size = 12177101, upload-time = "2026-05-22T21:09:40.519Z" },
    { url = "https://files.pythonhosted.org/packages/49/4a/1039e4f6afc576dc1c3a4d22a6478904a1ad3766597cd0b93c077ab9dfce/ty-0.0.39-py3-none-manylinux_2_17_s390x.manylinux2014_s390x.whl", hash = "sha256:56c6704b01b9b3d80ff26b2918423b742516d1e469bef830e9254dcedc9185bf", size = 11827815, upload-time = "2026-05-22T21:09:49.89Z" },
    { url = "https://files.pythonhosted.org/packages/e2/c5/4688652870e350a76a8157f7ffb59ad54f37d5d10725aa7076f66ac94ec8/ty-0.0.39-py3-none-manylinux_2_17_x86_64.manylinux2014_x86_64.whl", hash = "sha256:40b7840ff46764b6a6757f4ade1cd0530fc3e8a0b435ca93e7602360e4cb90b6", size = 11694429, upload-time = "2026-05-22T21:09:21.568Z" },
    { url = "https://files.pythonhosted.org/packages/fc/72/8a1c4e823bb5bdc935a1c8140e100304e36a68a4139592f170aa9736fdb7/ty-0.0.39-py3-none-manylinux_2_31_riscv64.whl", hash = "sha256:1c62a3a87ce26b50819f0dbf03bd95f23f19eeb87bbc7aa732ec64277c77f1aa", size = 11869846, upload-time = "2026-05-22T21:09:28.053Z" },
    { url = "https://files.pythonhosted.org/packages/17/9f/cf982457b861ae22d657c5dcdbc631199f7f90264279db1d17230dfbc3ff/ty-0.0.39-py3-none-musllinux_1_2_aarch64.whl", hash = "sha256:f8c34bc81a9c3516e49904e9d8330aac385377cca98390193ea02b903a40fcf0", size = 11029763, upload-time = "2026-05-22T21:09:06.791Z" },
    { url = "https://files.pythonhosted.org/packages/46/c9/95b64f6d43ae6e8f0b7e13dacf9c196d35819af22b1924171fba31383156/ty-0.0.39-py3-none-musllinux_1_2_armv7l.whl", hash = "sha256:66f5ab11586a64e79cb692ad685ee5469325c31b5f30bd3554f52f36dbe28cc4", size = 11146761, upload-time = "2026-05-22T21:09:10.178Z" },
    { url = "https://files.pythonhosted.org/packages/52/69/0a89cfb06f7632a05bf56c78e0affb4a40f81759e275376cea75c9c5abe9/ty-0.0.39-py3-none-musllinux_1_2_i686.whl", hash = "sha256:e8d89732bcbbcb091f439e556dfc4932f198b118b47d5b85212c60662099670e", size = 11281843, upload-time = "2026-05-22T21:09:34.234Z" },
    { url = "https://files.pythonhosted.org/packages/0e/53/64c4a27067a46643fea2b3fcf21a8a2f838d91a65ffdd14f2e82945b9538/ty-0.0.39-py3-none-musllinux_1_2_x86_64.whl", hash = "sha256:eceb6c91dcd05a231119f82abdd9aa337513de23ca6ac990bc44f88791dc1799", size = 11792477, upload-time = "2026-05-22T21:09:24.923Z" },
    { url = "https://files.pythonhosted.org/packages/1a/e8/02f4dd4a12bcdbda0006f9c7ff3b99a4be06bd0d257d3bd4a5b66de074e6/ty-0.0.39-py3-none-win32.whl", hash = "sha256:891c3262314dbc80bf3e872634d23dd216306945daa9a9fcc206ce5ed21ac4c9", size = 10615377, upload-time = "2026-05-22T21:09:43.167Z" },
    { url = "https://files.pythonhosted.org/packages/b5/5a/aaeb22faa8d4dae90a287d4c3636c671edcff3b99be5f4fc8b79ad71eef6/ty-0.0.39-py3-none-win_amd64.whl", hash = "sha256:ba7f2d54452535419e90f6f03ff39282999e87b43c21c00559f6d7ad711a36d5", size = 11710711, upload-time = "2026-05-22T21:09:53.179Z" },
    { url = "https://files.pythonhosted.org/packages/a3/17/ae7339651bfcaa5f54698c8c70eaf5031baa400ecb67baec31d03a56cbd4/ty-0.0.39-py3-none-win_arm64.whl", hash = "sha256:eb4cf0fefbbfedf9a352597bb2431ebdcb7eb3a595c0f825f228e897a0ec285d", size = 11081409, upload-time = "2026-05-22T21:09:03.741Z" },
]
